// !$*UTF8*$!
{
	archiveVersion = 1;
	classes = {
	};
	objectVersion = 56;
	objects = {

/* Begin PBXBuildFile section */
		5237B0ED2B30837C00C9107E /* AfricaApp.swift in Sources */ = {isa = PBXBuildFile; fileRef = 5237B0EC2B30837C00C9107E /* AfricaApp.swift */; };
		5237B0EF2B30837C00C9107E /* ContentView.swift in Sources */ = {isa = PBXBuildFile; fileRef = 5237B0EE2B30837C00C9107E /* ContentView.swift */; };
		5237B0F12B30837E00C9107E /* Assets.xcassets in Resources */ = {isa = PBXBuildFile; fileRef = 5237B0F02B30837E00C9107E /* Assets.xcassets */; };
		5237B0F42B30837E00C9107E /* Preview Assets.xcassets in Resources */ = {isa = PBXBuildFile; fileRef = 5237B0F32B30837E00C9107E /* Preview Assets.xcassets */; };
		5237B10F2B30865A00C9107E /* zebra.mp4 in Resources */ = {isa = PBXBuildFile; fileRef = 5237B1052B30865700C9107E /* zebra.mp4 */; };
		5237B1102B30865A00C9107E /* rhino.mp4 in Resources */ = {isa = PBXBuildFile; fileRef = 5237B1062B30865800C9107E /* rhino.mp4 */; };
		5237B1112B30865A00C9107E /* ostrich.mp4 in Resources */ = {isa = PBXBuildFile; fileRef = 5237B1072B30865800C9107E /* ostrich.mp4 */; };
		5237B1122B30865A00C9107E /* gorilla.mp4 in Resources */ = {isa = PBXBuildFile; fileRef = 5237B1082B30865800C9107E /* gorilla.mp4 */; };
		5237B1132B30865A00C9107E /* giraffe.mp4 in Resources */ = {isa = PBXBuildFile; fileRef = 5237B1092B30865800C9107E /* giraffe.mp4 */; };
		5237B1142B30865A00C9107E /* cheetah.mp4 in Resources */ = {isa = PBXBuildFile; fileRef = 5237B10A2B30865900C9107E /* cheetah.mp4 */; };
		5237B1152B30865A00C9107E /* lion.mp4 in Resources */ = {isa = PBXBuildFile; fileRef = 5237B10B2B30865900C9107E /* lion.mp4 */; };
		5237B1162B30865A00C9107E /* hippo.mp4 in Resources */ = {isa = PBXBuildFile; fileRef = 5237B10C2B30865900C9107E /* hippo.mp4 */; };
		5237B1172B30865A00C9107E /* elephant.mp4 in Resources */ = {isa = PBXBuildFile; fileRef = 5237B10D2B30865A00C9107E /* elephant.mp4 */; };
		5237B1182B30865A00C9107E /* lioness.mp4 in Resources */ = {isa = PBXBuildFile; fileRef = 5237B10E2B30865A00C9107E /* lioness.mp4 */; };
		5237B11E2B30869200C9107E /* videos.json in Resources */ = {isa = PBXBuildFile; fileRef = 5237B11A2B30869200C9107E /* videos.json */; };
		5237B11F2B30869200C9107E /* locations.json in Resources */ = {isa = PBXBuildFile; fileRef = 5237B11B2B30869200C9107E /* locations.json */; };
		5237B1202B30869200C9107E /* animals.json in Resources */ = {isa = PBXBuildFile; fileRef = 5237B11C2B30869200C9107E /* animals.json */; };
		5237B1212B30869200C9107E /* covers.json in Resources */ = {isa = PBXBuildFile; fileRef = 5237B11D2B30869200C9107E /* covers.json */; };
		5237B1262B30915600C9107E /* VideoListView.swift in Sources */ = {isa = PBXBuildFile; fileRef = 5237B1252B30915600C9107E /* VideoListView.swift */; };
		5237B1282B30916F00C9107E /* MapView.swift in Sources */ = {isa = PBXBuildFile; fileRef = 5237B1272B30916F00C9107E /* MapView.swift */; };
		5237B12A2B30919000C9107E /* GalleryView.swift in Sources */ = {isa = PBXBuildFile; fileRef = 5237B1292B30919000C9107E /* GalleryView.swift */; };
		5237B12C2B30931E00C9107E /* MainView.swift in Sources */ = {isa = PBXBuildFile; fileRef = 5237B12B2B30931E00C9107E /* MainView.swift */; };
		5237B1302B30956800C9107E /* CoverImageView.swift in Sources */ = {isa = PBXBuildFile; fileRef = 5237B12F2B30956800C9107E /* CoverImageView.swift */; };
		5237B1332B309C2B00C9107E /* CoverImageModel.swift in Sources */ = {isa = PBXBuildFile; fileRef = 5237B1322B309C2B00C9107E /* CoverImageModel.swift */; };
		5237B1362B30C9E700C9107E /* CodableBundleExtension.swift in Sources */ = {isa = PBXBuildFile; fileRef = 5237B1352B30C9E700C9107E /* CodableBundleExtension.swift */; };
		5237B1382B30CF3000C9107E /* AnimalListItemView.swift in Sources */ = {isa = PBXBuildFile; fileRef = 5237B1372B30CF3000C9107E /* AnimalListItemView.swift */; };
		5237B13A2B30EAB100C9107E /* AnimalModel.swift in Sources */ = {isa = PBXBuildFile; fileRef = 5237B1392B30EAB100C9107E /* AnimalModel.swift */; };
		5237B13D2B30EF4C00C9107E /* AnimalDetailView.swift in Sources */ = {isa = PBXBuildFile; fileRef = 5237B13C2B30EF4C00C9107E /* AnimalDetailView.swift */; };
		5237B13F2B30F15800C9107E /* HeadingView.swift in Sources */ = {isa = PBXBuildFile; fileRef = 5237B13E2B30F15800C9107E /* HeadingView.swift */; };
		5237B1412B30F25500C9107E /* InsetGalleryView.swift in Sources */ = {isa = PBXBuildFile; fileRef = 5237B1402B30F25500C9107E /* InsetGalleryView.swift */; };
		5237B1432B30F99600C9107E /* InsetFactView.swift in Sources */ = {isa = PBXBuildFile; fileRef = 5237B1422B30F99600C9107E /* InsetFactView.swift */; };
		5237B1452B32093B00C9107E /* InsetMapView.swift in Sources */ = {isa = PBXBuildFile; fileRef = 5237B1442B32093B00C9107E /* InsetMapView.swift */; };
		5237B1472B32101400C9107E /* ExternalWebLinkView.swift in Sources */ = {isa = PBXBuildFile; fileRef = 5237B1462B32101400C9107E /* ExternalWebLinkView.swift */; };
		5237B1492B32134D00C9107E /* VideoModel.swift in Sources */ = {isa = PBXBuildFile; fileRef = 5237B1482B32134D00C9107E /* VideoModel.swift */; };
		5237B14B2B3213C500C9107E /* VideoListItemView.swift in Sources */ = {isa = PBXBuildFile; fileRef = 5237B14A2B3213C500C9107E /* VideoListItemView.swift */; };
		5237B14D2B322C3900C9107E /* VideoPlayerView.swift in Sources */ = {isa = PBXBuildFile; fileRef = 5237B14C2B322C3900C9107E /* VideoPlayerView.swift */; };
		5237B1502B322D0E00C9107E /* VideoPlayerHelper.swift in Sources */ = {isa = PBXBuildFile; fileRef = 5237B14F2B322D0E00C9107E /* VideoPlayerHelper.swift */; };
		5237B1522B32309200C9107E /* LocationModel.swift in Sources */ = {isa = PBXBuildFile; fileRef = 5237B1512B32309200C9107E /* LocationModel.swift */; };
		525AB2582B36151900ADD8F5 /* CenterModifier.swift in Sources */ = {isa = PBXBuildFile; fileRef = 525AB2572B36151900ADD8F5 /* CenterModifier.swift */; };
		52933B652B337E6C00F214F0 /* MotionAnimationView.swift in Sources */ = {isa = PBXBuildFile; fileRef = 52933B642B337E6C00F214F0 /* MotionAnimationView.swift */; };
		52933B672B34D9C400F214F0 /* AnimalGridItemView.swift in Sources */ = {isa = PBXBuildFile; fileRef = 52933B662B34D9C400F214F0 /* AnimalGridItemView.swift */; };
		52933B6D2B34E6C900F214F0 /* Stickers.xcassets in Resources */ = {isa = PBXBuildFile; fileRef = 52933B6C2B34E6C900F214F0 /* Stickers.xcassets */; };
		52933B712B34E6C900F214F0 /* Stickers.appex in Embed Foundation Extensions */ = {isa = PBXBuildFile; fileRef = 52933B6A2B34E6C600F214F0 /* Stickers.appex */; settings = {ATTRIBUTES = (RemoveHeadersOnCopy, ); }; };
		52933B772B34F9EB00F214F0 /* CreditsView.swift in Sources */ = {isa = PBXBuildFile; fileRef = 52933B762B34F9EB00F214F0 /* CreditsView.swift */; };
		5299FF9D2B337845000AE00E /* MapAnnotationView.swift in Sources */ = {isa = PBXBuildFile; fileRef = 5299FF9C2B337845000AE00E /* MapAnnotationView.swift */; };
/* End PBXBuildFile section */

/* Begin PBXContainerItemProxy section */
		52933B6F2B34E6C900F214F0 /* PBXContainerItemProxy */ = {
			isa = PBXContainerItemProxy;
			containerPortal = 5237B0E12B30837C00C9107E /* Project object */;
			proxyType = 1;
			remoteGlobalIDString = 52933B692B34E6C600F214F0;
			remoteInfo = Stickers;
		};
/* End PBXContainerItemProxy section */

/* Begin PBXCopyFilesBuildPhase section */
		52933B752B34E6C900F214F0 /* Embed Foundation Extensions */ = {
			isa = PBXCopyFilesBuildPhase;
			buildActionMask = 2147483647;
			dstPath = "";
			dstSubfolderSpec = 13;
			files = (
				52933B712B34E6C900F214F0 /* Stickers.appex in Embed Foundation Extensions */,
			);
			name = "Embed Foundation Extensions";
			runOnlyForDeploymentPostprocessing = 0;
		};
/* End PBXCopyFilesBuildPhase section */

/* Begin PBXFileReference section */
		5237B0E92B30837C00C9107E /* Africa.app */ = {isa = PBXFileReference; explicitFileType = wrapper.application; includeInIndex = 0; path = Africa.app; sourceTree = BUILT_PRODUCTS_DIR; };
		5237B0EC2B30837C00C9107E /* AfricaApp.swift */ = {isa = PBXFileReference; lastKnownFileType = sourcecode.swift; path = AfricaApp.swift; sourceTree = "<group>"; };
		5237B0EE2B30837C00C9107E /* ContentView.swift */ = {isa = PBXFileReference; lastKnownFileType = sourcecode.swift; path = ContentView.swift; sourceTree = "<group>"; };
		5237B0F02B30837E00C9107E /* Assets.xcassets */ = {isa = PBXFileReference; lastKnownFileType = folder.assetcatalog; path = Assets.xcassets; sourceTree = "<group>"; };
		5237B0F32B30837E00C9107E /* Preview Assets.xcassets */ = {isa = PBXFileReference; lastKnownFileType = folder.assetcatalog; path = "Preview Assets.xcassets"; sourceTree = "<group>"; };
		5237B1052B30865700C9107E /* zebra.mp4 */ = {isa = PBXFileReference; lastKnownFileType = file; path = zebra.mp4; sourceTree = "<group>"; };
		5237B1062B30865800C9107E /* rhino.mp4 */ = {isa = PBXFileReference; lastKnownFileType = file; path = rhino.mp4; sourceTree = "<group>"; };
		5237B1072B30865800C9107E /* ostrich.mp4 */ = {isa = PBXFileReference; lastKnownFileType = file; path = ostrich.mp4; sourceTree = "<group>"; };
		5237B1082B30865800C9107E /* gorilla.mp4 */ = {isa = PBXFileReference; lastKnownFileType = file; path = gorilla.mp4; sourceTree = "<group>"; };
		5237B1092B30865800C9107E /* giraffe.mp4 */ = {isa = PBXFileReference; lastKnownFileType = file; path = giraffe.mp4; sourceTree = "<group>"; };
		5237B10A2B30865900C9107E /* cheetah.mp4 */ = {isa = PBXFileReference; lastKnownFileType = file; path = cheetah.mp4; sourceTree = "<group>"; };
		5237B10B2B30865900C9107E /* lion.mp4 */ = {isa = PBXFileReference; lastKnownFileType = file; path = lion.mp4; sourceTree = "<group>"; };
		5237B10C2B30865900C9107E /* hippo.mp4 */ = {isa = PBXFileReference; lastKnownFileType = file; path = hippo.mp4; sourceTree = "<group>"; };
		5237B10D2B30865A00C9107E /* elephant.mp4 */ = {isa = PBXFileReference; lastKnownFileType = file; path = elephant.mp4; sourceTree = "<group>"; };
		5237B10E2B30865A00C9107E /* lioness.mp4 */ = {isa = PBXFileReference; lastKnownFileType = file; path = lioness.mp4; sourceTree = "<group>"; };
		5237B11A2B30869200C9107E /* videos.json */ = {isa = PBXFileReference; fileEncoding = 4; lastKnownFileType = text.json; path = videos.json; sourceTree = "<group>"; };
		5237B11B2B30869200C9107E /* locations.json */ = {isa = PBXFileReference; fileEncoding = 4; lastKnownFileType = text.json; path = locations.json; sourceTree = "<group>"; };
		5237B11C2B30869200C9107E /* animals.json */ = {isa = PBXFileReference; fileEncoding = 4; lastKnownFileType = text.json; path = animals.json; sourceTree = "<group>"; };
		5237B11D2B30869200C9107E /* covers.json */ = {isa = PBXFileReference; fileEncoding = 4; lastKnownFileType = text.json; path = covers.json; sourceTree = "<group>"; };
		5237B1222B308F1A00C9107E /* Info.plist */ = {isa = PBXFileReference; lastKnownFileType = text.plist; path = Info.plist; sourceTree = "<group>"; };
		5237B1252B30915600C9107E /* VideoListView.swift */ = {isa = PBXFileReference; lastKnownFileType = sourcecode.swift; path = VideoListView.swift; sourceTree = "<group>"; };
		5237B1272B30916F00C9107E /* MapView.swift */ = {isa = PBXFileReference; lastKnownFileType = sourcecode.swift; path = MapView.swift; sourceTree = "<group>"; };
		5237B1292B30919000C9107E /* GalleryView.swift */ = {isa = PBXFileReference; lastKnownFileType = sourcecode.swift; path = GalleryView.swift; sourceTree = "<group>"; };
		5237B12B2B30931E00C9107E /* MainView.swift */ = {isa = PBXFileReference; lastKnownFileType = sourcecode.swift; path = MainView.swift; sourceTree = "<group>"; };
		5237B12F2B30956800C9107E /* CoverImageView.swift */ = {isa = PBXFileReference; lastKnownFileType = sourcecode.swift; path = CoverImageView.swift; sourceTree = "<group>"; };
		5237B1322B309C2B00C9107E /* CoverImageModel.swift */ = {isa = PBXFileReference; lastKnownFileType = sourcecode.swift; path = CoverImageModel.swift; sourceTree = "<group>"; };
		5237B1352B30C9E700C9107E /* CodableBundleExtension.swift */ = {isa = PBXFileReference; lastKnownFileType = sourcecode.swift; path = CodableBundleExtension.swift; sourceTree = "<group>"; };
		5237B1372B30CF3000C9107E /* AnimalListItemView.swift */ = {isa = PBXFileReference; lastKnownFileType = sourcecode.swift; path = AnimalListItemView.swift; sourceTree = "<group>"; };
		5237B1392B30EAB100C9107E /* AnimalModel.swift */ = {isa = PBXFileReference; lastKnownFileType = sourcecode.swift; path = AnimalModel.swift; sourceTree = "<group>"; };
		5237B13C2B30EF4C00C9107E /* AnimalDetailView.swift */ = {isa = PBXFileReference; lastKnownFileType = sourcecode.swift; path = AnimalDetailView.swift; sourceTree = "<group>"; };
		5237B13E2B30F15800C9107E /* HeadingView.swift */ = {isa = PBXFileReference; lastKnownFileType = sourcecode.swift; path = HeadingView.swift; sourceTree = "<group>"; };
		5237B1402B30F25500C9107E /* InsetGalleryView.swift */ = {isa = PBXFileReference; lastKnownFileType = sourcecode.swift; path = InsetGalleryView.swift; sourceTree = "<group>"; };
		5237B1422B30F99600C9107E /* InsetFactView.swift */ = {isa = PBXFileReference; lastKnownFileType = sourcecode.swift; path = InsetFactView.swift; sourceTree = "<group>"; };
		5237B1442B32093B00C9107E /* InsetMapView.swift */ = {isa = PBXFileReference; lastKnownFileType = sourcecode.swift; path = InsetMapView.swift; sourceTree = "<group>"; };
		5237B1462B32101400C9107E /* ExternalWebLinkView.swift */ = {isa = PBXFileReference; lastKnownFileType = sourcecode.swift; path = ExternalWebLinkView.swift; sourceTree = "<group>"; };
		5237B1482B32134D00C9107E /* VideoModel.swift */ = {isa = PBXFileReference; lastKnownFileType = sourcecode.swift; path = VideoModel.swift; sourceTree = "<group>"; };
		5237B14A2B3213C500C9107E /* VideoListItemView.swift */ = {isa = PBXFileReference; lastKnownFileType = sourcecode.swift; path = VideoListItemView.swift; sourceTree = "<group>"; };
		5237B14C2B322C3900C9107E /* VideoPlayerView.swift */ = {isa = PBXFileReference; lastKnownFileType = sourcecode.swift; path = VideoPlayerView.swift; sourceTree = "<group>"; };
		5237B14F2B322D0E00C9107E /* VideoPlayerHelper.swift */ = {isa = PBXFileReference; lastKnownFileType = sourcecode.swift; path = VideoPlayerHelper.swift; sourceTree = "<group>"; };
		5237B1512B32309200C9107E /* LocationModel.swift */ = {isa = PBXFileReference; lastKnownFileType = sourcecode.swift; path = LocationModel.swift; sourceTree = "<group>"; };
		525AB2572B36151900ADD8F5 /* CenterModifier.swift */ = {isa = PBXFileReference; lastKnownFileType = sourcecode.swift; path = CenterModifier.swift; sourceTree = "<group>"; };
		525AB2592B36160D00ADD8F5 /* Africa.entitlements */ = {isa = PBXFileReference; lastKnownFileType = text.plist.entitlements; path = Africa.entitlements; sourceTree = "<group>"; };
		52933B642B337E6C00F214F0 /* MotionAnimationView.swift */ = {isa = PBXFileReference; lastKnownFileType = sourcecode.swift; path = MotionAnimationView.swift; sourceTree = "<group>"; };
		52933B662B34D9C400F214F0 /* AnimalGridItemView.swift */ = {isa = PBXFileReference; lastKnownFileType = sourcecode.swift; path = AnimalGridItemView.swift; sourceTree = "<group>"; };
		52933B6A2B34E6C600F214F0 /* Stickers.appex */ = {isa = PBXFileReference; explicitFileType = "wrapper.app-extension"; includeInIndex = 0; path = Stickers.appex; sourceTree = BUILT_PRODUCTS_DIR; };
		52933B6C2B34E6C900F214F0 /* Stickers.xcassets */ = {isa = PBXFileReference; lastKnownFileType = folder.assetcatalog; path = Stickers.xcassets; sourceTree = "<group>"; };
		52933B6E2B34E6C900F214F0 /* Info.plist */ = {isa = PBXFileReference; lastKnownFileType = text.plist.xml; path = Info.plist; sourceTree = "<group>"; };
		52933B762B34F9EB00F214F0 /* CreditsView.swift */ = {isa = PBXFileReference; lastKnownFileType = sourcecode.swift; path = CreditsView.swift; sourceTree = "<group>"; };
		5299FF9C2B337845000AE00E /* MapAnnotationView.swift */ = {isa = PBXFileReference; lastKnownFileType = sourcecode.swift; path = MapAnnotationView.swift; sourceTree = "<group>"; };
/* End PBXFileReference section */

/* Begin PBXFrameworksBuildPhase section */
		5237B0E62B30837C00C9107E /* Frameworks */ = {
			isa = PBXFrameworksBuildPhase;
			buildActionMask = 2147483647;
			files = (
			);
			runOnlyForDeploymentPostprocessing = 0;
		};
/* End PBXFrameworksBuildPhase section */

/* Begin PBXGroup section */
		5237B0E02B30837C00C9107E = {
			isa = PBXGroup;
			children = (
				5237B0EB2B30837C00C9107E /* Africa */,
				52933B6B2B34E6C600F214F0 /* Stickers */,
				5237B0EA2B30837C00C9107E /* Products */,
			);
			sourceTree = "<group>";
		};
		5237B0EA2B30837C00C9107E /* Products */ = {
			isa = PBXGroup;
			children = (
				5237B0E92B30837C00C9107E /* Africa.app */,
				52933B6A2B34E6C600F214F0 /* Stickers.appex */,
			);
			name = Products;
			sourceTree = "<group>";
		};
		5237B0EB2B30837C00C9107E /* Africa */ = {
			isa = PBXGroup;
			children = (
				525AB2592B36160D00ADD8F5 /* Africa.entitlements */,
				525AB2562B3614DB00ADD8F5 /* Modifier */,
				5237B14E2B322CF700C9107E /* Helper */,
				5237B1342B30C9C500C9107E /* Extension */,
				5237B1312B309C1700C9107E /* Model */,
				5237B12E2B30954200C9107E /* View */,
				5237B1232B30910E00C9107E /* App */,
				5237B1222B308F1A00C9107E /* Info.plist */,
				5237B1192B30867400C9107E /* Data */,
				5237B0FA2B30862000C9107E /* Video */,
				5237B0F02B30837E00C9107E /* Assets.xcassets */,
				5237B0F22B30837E00C9107E /* Preview Content */,
			);
			path = Africa;
			sourceTree = "<group>";
		};
		5237B0F22B30837E00C9107E /* Preview Content */ = {
			isa = PBXGroup;
			children = (
				5237B0F32B30837E00C9107E /* Preview Assets.xcassets */,
			);
			path = "Preview Content";
			sourceTree = "<group>";
		};
		5237B0FA2B30862000C9107E /* Video */ = {
			isa = PBXGroup;
			children = (
				5237B10A2B30865900C9107E /* cheetah.mp4 */,
				5237B10D2B30865A00C9107E /* elephant.mp4 */,
				5237B1092B30865800C9107E /* giraffe.mp4 */,
				5237B1082B30865800C9107E /* gorilla.mp4 */,
				5237B10C2B30865900C9107E /* hippo.mp4 */,
				5237B10B2B30865900C9107E /* lion.mp4 */,
				5237B10E2B30865A00C9107E /* lioness.mp4 */,
				5237B1072B30865800C9107E /* ostrich.mp4 */,
				5237B1062B30865800C9107E /* rhino.mp4 */,
				5237B1052B30865700C9107E /* zebra.mp4 */,
			);
			path = Video;
			sourceTree = "<group>";
		};
		5237B1192B30867400C9107E /* Data */ = {
			isa = PBXGroup;
			children = (
				5237B11C2B30869200C9107E /* animals.json */,
				5237B11D2B30869200C9107E /* covers.json */,
				5237B11B2B30869200C9107E /* locations.json */,
				5237B11A2B30869200C9107E /* videos.json */,
			);
			path = Data;
			sourceTree = "<group>";
		};
		5237B1232B30910E00C9107E /* App */ = {
			isa = PBXGroup;
			children = (
				5237B0EC2B30837C00C9107E /* AfricaApp.swift */,
				5237B0EE2B30837C00C9107E /* ContentView.swift */,
				5237B1252B30915600C9107E /* VideoListView.swift */,
				5237B1272B30916F00C9107E /* MapView.swift */,
				5237B1292B30919000C9107E /* GalleryView.swift */,
				5237B12B2B30931E00C9107E /* MainView.swift */,
			);
			path = App;
			sourceTree = "<group>";
		};
		5237B12E2B30954200C9107E /* View */ = {
			isa = PBXGroup;
			children = (
				5237B12F2B30956800C9107E /* CoverImageView.swift */,
				5237B1372B30CF3000C9107E /* AnimalListItemView.swift */,
				5237B13C2B30EF4C00C9107E /* AnimalDetailView.swift */,
				5237B13E2B30F15800C9107E /* HeadingView.swift */,
				5237B1402B30F25500C9107E /* InsetGalleryView.swift */,
				5237B1422B30F99600C9107E /* InsetFactView.swift */,
				5237B1442B32093B00C9107E /* InsetMapView.swift */,
				5237B1462B32101400C9107E /* ExternalWebLinkView.swift */,
				5237B14A2B3213C500C9107E /* VideoListItemView.swift */,
				5237B14C2B322C3900C9107E /* VideoPlayerView.swift */,
				5299FF9C2B337845000AE00E /* MapAnnotationView.swift */,
				52933B642B337E6C00F214F0 /* MotionAnimationView.swift */,
				52933B662B34D9C400F214F0 /* AnimalGridItemView.swift */,
				52933B762B34F9EB00F214F0 /* CreditsView.swift */,
			);
			path = View;
			sourceTree = "<group>";
		};
		5237B1312B309C1700C9107E /* Model */ = {
			isa = PBXGroup;
			children = (
				5237B1512B32309200C9107E /* LocationModel.swift */,
				5237B1322B309C2B00C9107E /* CoverImageModel.swift */,
				5237B1392B30EAB100C9107E /* AnimalModel.swift */,
				5237B1482B32134D00C9107E /* VideoModel.swift */,
			);
			path = Model;
			sourceTree = "<group>";
		};
		5237B1342B30C9C500C9107E /* Extension */ = {
			isa = PBXGroup;
			children = (
				5237B1352B30C9E700C9107E /* CodableBundleExtension.swift */,
			);
			path = Extension;
			sourceTree = "<group>";
		};
		5237B14E2B322CF700C9107E /* Helper */ = {
			isa = PBXGroup;
			children = (
				5237B14F2B322D0E00C9107E /* VideoPlayerHelper.swift */,
			);
			path = Helper;
			sourceTree = "<group>";
		};
		525AB2562B3614DB00ADD8F5 /* Modifier */ = {
			isa = PBXGroup;
			children = (
				525AB2572B36151900ADD8F5 /* CenterModifier.swift */,
			);
			path = Modifier;
			sourceTree = "<group>";
		};
		52933B6B2B34E6C600F214F0 /* Stickers */ = {
			isa = PBXGroup;
			children = (
				52933B6C2B34E6C900F214F0 /* Stickers.xcassets */,
				52933B6E2B34E6C900F214F0 /* Info.plist */,
			);
			path = Stickers;
			sourceTree = "<group>";
		};
/* End PBXGroup section */

/* Begin PBXNativeTarget section */
		5237B0E82B30837C00C9107E /* Africa */ = {
			isa = PBXNativeTarget;
			buildConfigurationList = 5237B0F72B30837E00C9107E /* Build configuration list for PBXNativeTarget "Africa" */;
			buildPhases = (
				5237B0E52B30837C00C9107E /* Sources */,
				5237B0E62B30837C00C9107E /* Frameworks */,
				5237B0E72B30837C00C9107E /* Resources */,
				52933B752B34E6C900F214F0 /* Embed Foundation Extensions */,
			);
			buildRules = (
			);
			dependencies = (
				52933B702B34E6C900F214F0 /* PBXTargetDependency */,
			);
			name = Africa;
			productName = Africa;
			productReference = 5237B0E92B30837C00C9107E /* Africa.app */;
			productType = "com.apple.product-type.application";
		};
		52933B692B34E6C600F214F0 /* Stickers */ = {
			isa = PBXNativeTarget;
			buildConfigurationList = 52933B722B34E6C900F214F0 /* Build configuration list for PBXNativeTarget "Stickers" */;
			buildPhases = (
				52933B682B34E6C600F214F0 /* Resources */,
			);
			buildRules = (
			);
			dependencies = (
			);
			name = Stickers;
			productName = Stickers;
			productReference = 52933B6A2B34E6C600F214F0 /* Stickers.appex */;
			productType = "com.apple.product-type.app-extension.messages-sticker-pack";
		};
/* End PBXNativeTarget section */

/* Begin PBXProject section */
		5237B0E12B30837C00C9107E /* Project object */ = {
			isa = PBXProject;
			attributes = {
				BuildIndependentTargetsInParallel = 1;
				LastSwiftUpdateCheck = 1510;
				LastUpgradeCheck = 1510;
				TargetAttributes = {
					5237B0E82B30837C00C9107E = {
						CreatedOnToolsVersion = 15.1;
					};
					52933B692B34E6C600F214F0 = {
						CreatedOnToolsVersion = 15.1;
					};
				};
			};
			buildConfigurationList = 5237B0E42B30837C00C9107E /* Build configuration list for PBXProject "Africa" */;
			compatibilityVersion = "Xcode 14.0";
			developmentRegion = en;
			hasScannedForEncodings = 0;
			knownRegions = (
				en,
				Base,
			);
			mainGroup = 5237B0E02B30837C00C9107E;
			productRefGroup = 5237B0EA2B30837C00C9107E /* Products */;
			projectDirPath = "";
			projectRoot = "";
			targets = (
				5237B0E82B30837C00C9107E /* Africa */,
				52933B692B34E6C600F214F0 /* Stickers */,
			);
		};
/* End PBXProject section */

/* Begin PBXResourcesBuildPhase section */
		5237B0E72B30837C00C9107E /* Resources */ = {
			isa = PBXResourcesBuildPhase;
			buildActionMask = 2147483647;
			files = (
				5237B1202B30869200C9107E /* animals.json in Resources */,
				5237B11F2B30869200C9107E /* locations.json in Resources */,
				5237B1162B30865A00C9107E /* hippo.mp4 in Resources */,
				5237B1102B30865A00C9107E /* rhino.mp4 in Resources */,
				5237B0F42B30837E00C9107E /* Preview Assets.xcassets in Resources */,
				5237B1212B30869200C9107E /* covers.json in Resources */,
				5237B10F2B30865A00C9107E /* zebra.mp4 in Resources */,
				5237B11E2B30869200C9107E /* videos.json in Resources */,
				5237B1112B30865A00C9107E /* ostrich.mp4 in Resources */,
				5237B1142B30865A00C9107E /* cheetah.mp4 in Resources */,
				5237B1122B30865A00C9107E /* gorilla.mp4 in Resources */,
				5237B1132B30865A00C9107E /* giraffe.mp4 in Resources */,
				5237B1152B30865A00C9107E /* lion.mp4 in Resources */,
				5237B0F12B30837E00C9107E /* Assets.xcassets in Resources */,
				5237B1172B30865A00C9107E /* elephant.mp4 in Resources */,
				5237B1182B30865A00C9107E /* lioness.mp4 in Resources */,
			);
			runOnlyForDeploymentPostprocessing = 0;
		};
		52933B682B34E6C600F214F0 /* Resources */ = {
			isa = PBXResourcesBuildPhase;
			buildActionMask = 2147483647;
			files = (
				52933B6D2B34E6C900F214F0 /* Stickers.xcassets in Resources */,
			);
			runOnlyForDeploymentPostprocessing = 0;
		};
/* End PBXResourcesBuildPhase section */

/* Begin PBXSourcesBuildPhase section */
		5237B0E52B30837C00C9107E /* Sources */ = {
			isa = PBXSourcesBuildPhase;
			buildActionMask = 2147483647;
			files = (
				5237B14B2B3213C500C9107E /* VideoListItemView.swift in Sources */,
				5237B0EF2B30837C00C9107E /* ContentView.swift in Sources */,
				5237B1382B30CF3000C9107E /* AnimalListItemView.swift in Sources */,
				5237B12C2B30931E00C9107E /* MainView.swift in Sources */,
				5237B1432B30F99600C9107E /* InsetFactView.swift in Sources */,
				5237B1302B30956800C9107E /* CoverImageView.swift in Sources */,
				5237B1332B309C2B00C9107E /* CoverImageModel.swift in Sources */,
				5237B13D2B30EF4C00C9107E /* AnimalDetailView.swift in Sources */,
				5237B13A2B30EAB100C9107E /* AnimalModel.swift in Sources */,
				5237B1282B30916F00C9107E /* MapView.swift in Sources */,
				5237B1502B322D0E00C9107E /* VideoPlayerHelper.swift in Sources */,
				5237B1452B32093B00C9107E /* InsetMapView.swift in Sources */,
				5237B1522B32309200C9107E /* LocationModel.swift in Sources */,
				5299FF9D2B337845000AE00E /* MapAnnotationView.swift in Sources */,
				5237B0ED2B30837C00C9107E /* AfricaApp.swift in Sources */,
				5237B1472B32101400C9107E /* ExternalWebLinkView.swift in Sources */,
				5237B1262B30915600C9107E /* VideoListView.swift in Sources */,
				5237B1492B32134D00C9107E /* VideoModel.swift in Sources */,
				5237B12A2B30919000C9107E /* GalleryView.swift in Sources */,
				5237B1412B30F25500C9107E /* InsetGalleryView.swift in Sources */,
				52933B672B34D9C400F214F0 /* AnimalGridItemView.swift in Sources */,
				52933B772B34F9EB00F214F0 /* CreditsView.swift in Sources */,
				5237B1362B30C9E700C9107E /* CodableBundleExtension.swift in Sources */,
				52933B652B337E6C00F214F0 /* MotionAnimationView.swift in Sources */,
				525AB2582B36151900ADD8F5 /* CenterModifier.swift in Sources */,
				5237B13F2B30F15800C9107E /* HeadingView.swift in Sources */,
				5237B14D2B322C3900C9107E /* VideoPlayerView.swift in Sources */,
			);
			runOnlyForDeploymentPostprocessing = 0;
		};
/* End PBXSourcesBuildPhase section */

/* Begin PBXTargetDependency section */
		52933B702B34E6C900F214F0 /* PBXTargetDependency */ = {
			isa = PBXTargetDependency;
			target = 52933B692B34E6C600F214F0 /* Stickers */;
			targetProxy = 52933B6F2B34E6C900F214F0 /* PBXContainerItemProxy */;
		};
/* End PBXTargetDependency section */

/* Begin XCBuildConfiguration section */
		5237B0F52B30837E00C9107E /* Debug */ = {
			isa = XCBuildConfiguration;
			buildSettings = {
				ALWAYS_SEARCH_USER_PATHS = NO;
				ASSETCATALOG_COMPILER_GENERATE_SWIFT_ASSET_SYMBOL_EXTENSIONS = YES;
				CLANG_ANALYZER_NONNULL = YES;
				CLANG_ANALYZER_NUMBER_OBJECT_CONVERSION = YES_AGGRESSIVE;
				CLANG_CXX_LANGUAGE_STANDARD = "gnu++20";
				CLANG_ENABLE_MODULES = YES;
				CLANG_ENABLE_OBJC_ARC = YES;
				CLANG_ENABLE_OBJC_WEAK = YES;
				CLANG_WARN_BLOCK_CAPTURE_AUTORELEASING = YES;
				CLANG_WARN_BOOL_CONVERSION = YES;
				CLANG_WARN_COMMA = YES;
				CLANG_WARN_CONSTANT_CONVERSION = YES;
				CLANG_WARN_DEPRECATED_OBJC_IMPLEMENTATIONS = YES;
				CLANG_WARN_DIRECT_OBJC_ISA_USAGE = YES_ERROR;
				CLANG_WARN_DOCUMENTATION_COMMENTS = YES;
				CLANG_WARN_EMPTY_BODY = YES;
				CLANG_WARN_ENUM_CONVERSION = YES;
				CLANG_WARN_INFINITE_RECURSION = YES;
				CLANG_WARN_INT_CONVERSION = YES;
				CLANG_WARN_NON_LITERAL_NULL_CONVERSION = YES;
				CLANG_WARN_OBJC_IMPLICIT_RETAIN_SELF = YES;
				CLANG_WARN_OBJC_LITERAL_CONVERSION = YES;
				CLANG_WARN_OBJC_ROOT_CLASS = YES_ERROR;
				CLANG_WARN_QUOTED_INCLUDE_IN_FRAMEWORK_HEADER = YES;
				CLANG_WARN_RANGE_LOOP_ANALYSIS = YES;
				CLANG_WARN_STRICT_PROTOTYPES = YES;
				CLANG_WARN_SUSPICIOUS_MOVE = YES;
				CLANG_WARN_UNGUARDED_AVAILABILITY = YES_AGGRESSIVE;
				CLANG_WARN_UNREACHABLE_CODE = YES;
				CLANG_WARN__DUPLICATE_METHOD_MATCH = YES;
				COPY_PHASE_STRIP = NO;
				DEBUG_INFORMATION_FORMAT = dwarf;
				ENABLE_STRICT_OBJC_MSGSEND = YES;
				ENABLE_TESTABILITY = YES;
				ENABLE_USER_SCRIPT_SANDBOXING = YES;
				GCC_C_LANGUAGE_STANDARD = gnu17;
				GCC_DYNAMIC_NO_PIC = NO;
				GCC_NO_COMMON_BLOCKS = YES;
				GCC_OPTIMIZATION_LEVEL = 0;
				GCC_PREPROCESSOR_DEFINITIONS = (
					"DEBUG=1",
					"$(inherited)",
				);
				GCC_WARN_64_TO_32_BIT_CONVERSION = YES;
				GCC_WARN_ABOUT_RETURN_TYPE = YES_ERROR;
				GCC_WARN_UNDECLARED_SELECTOR = YES;
				GCC_WARN_UNINITIALIZED_AUTOS = YES_AGGRESSIVE;
				GCC_WARN_UNUSED_FUNCTION = YES;
				GCC_WARN_UNUSED_VARIABLE = YES;
				IPHONEOS_DEPLOYMENT_TARGET = 17.2;
				LOCALIZATION_PREFERS_STRING_CATALOGS = YES;
				MTL_ENABLE_DEBUG_INFO = INCLUDE_SOURCE;
				MTL_FAST_MATH = YES;
				ONLY_ACTIVE_ARCH = YES;
				SDKROOT = iphoneos;
				SWIFT_ACTIVE_COMPILATION_CONDITIONS = "DEBUG $(inherited)";
				SWIFT_OPTIMIZATION_LEVEL = "-Onone";
			};
			name = Debug;
		};
		5237B0F62B30837E00C9107E /* Release */ = {
			isa = XCBuildConfiguration;
			buildSettings = {
				ALWAYS_SEARCH_USER_PATHS = NO;
				ASSETCATALOG_COMPILER_GENERATE_SWIFT_ASSET_SYMBOL_EXTENSIONS = YES;
				CLANG_ANALYZER_NONNULL = YES;
				CLANG_ANALYZER_NUMBER_OBJECT_CONVERSION = YES_AGGRESSIVE;
				CLANG_CXX_LANGUAGE_STANDARD = "gnu++20";
				CLANG_ENABLE_MODULES = YES;
				CLANG_ENABLE_OBJC_ARC = YES;
				CLANG_ENABLE_OBJC_WEAK = YES;
				CLANG_WARN_BLOCK_CAPTURE_AUTORELEASING = YES;
				CLANG_WARN_BOOL_CONVERSION = YES;
				CLANG_WARN_COMMA = YES;
				CLANG_WARN_CONSTANT_CONVERSION = YES;
				CLANG_WARN_DEPRECATED_OBJC_IMPLEMENTATIONS = YES;
				CLANG_WARN_DIRECT_OBJC_ISA_USAGE = YES_ERROR;
				CLANG_WARN_DOCUMENTATION_COMMENTS = YES;
				CLANG_WARN_EMPTY_BODY = YES;
				CLANG_WARN_ENUM_CONVERSION = YES;
				CLANG_WARN_INFINITE_RECURSION = YES;
				CLANG_WARN_INT_CONVERSION = YES;
				CLANG_WARN_NON_LITERAL_NULL_CONVERSION = YES;
				CLANG_WARN_OBJC_IMPLICIT_RETAIN_SELF = YES;
				CLANG_WARN_OBJC_LITERAL_CONVERSION = YES;
				CLANG_WARN_OBJC_ROOT_CLASS = YES_ERROR;
				CLANG_WARN_QUOTED_INCLUDE_IN_FRAMEWORK_HEADER = YES;
				CLANG_WARN_RANGE_LOOP_ANALYSIS = YES;
				CLANG_WARN_STRICT_PROTOTYPES = YES;
				CLANG_WARN_SUSPICIOUS_MOVE = YES;
				CLANG_WARN_UNGUARDED_AVAILABILITY = YES_AGGRESSIVE;
				CLANG_WARN_UNREACHABLE_CODE = YES;
				CLANG_WARN__DUPLICATE_METHOD_MATCH = YES;
				COPY_PHASE_STRIP = NO;
				DEBUG_INFORMATION_FORMAT = "dwarf-with-dsym";
				ENABLE_NS_ASSERTIONS = NO;
				ENABLE_STRICT_OBJC_MSGSEND = YES;
				ENABLE_USER_SCRIPT_SANDBOXING = YES;
				GCC_C_LANGUAGE_STANDARD = gnu17;
				GCC_NO_COMMON_BLOCKS = YES;
				GCC_WARN_64_TO_32_BIT_CONVERSION = YES;
				GCC_WARN_ABOUT_RETURN_TYPE = YES_ERROR;
				GCC_WARN_UNDECLARED_SELECTOR = YES;
				GCC_WARN_UNINITIALIZED_AUTOS = YES_AGGRESSIVE;
				GCC_WARN_UNUSED_FUNCTION = YES;
				GCC_WARN_UNUSED_VARIABLE = YES;
				IPHONEOS_DEPLOYMENT_TARGET = 17.2;
				LOCALIZATION_PREFERS_STRING_CATALOGS = YES;
				MTL_ENABLE_DEBUG_INFO = NO;
				MTL_FAST_MATH = YES;
				SDKROOT = iphoneos;
				SWIFT_COMPILATION_MODE = wholemodule;
				VALIDATE_PRODUCT = YES;
			};
			name = Release;
		};
		5237B0F82B30837E00C9107E /* Debug */ = {
			isa = XCBuildConfiguration;
			buildSettings = {
				ASSETCATALOG_COMPILER_APPICON_NAME = AppIcon;
				ASSETCATALOG_COMPILER_GLOBAL_ACCENT_COLOR_NAME = AccentColor;
				CODE_SIGN_ENTITLEMENTS = Africa/Africa.entitlements;
				CODE_SIGN_STYLE = Automatic;
				CURRENT_PROJECT_VERSION = 1;
				DEVELOPMENT_ASSET_PATHS = "\"Africa/Preview Content\"";
				DEVELOPMENT_TEAM = 44848NP6CQ;
				ENABLE_PREVIEWS = YES;
				GENERATE_INFOPLIST_FILE = YES;
				INFOPLIST_FILE = Africa/Info.plist;
				INFOPLIST_KEY_UIApplicationSceneManifest_Generation = YES;
				INFOPLIST_KEY_UIApplicationSupportsIndirectInputEvents = YES;
				INFOPLIST_KEY_UISupportedInterfaceOrientations_iPad = "UIInterfaceOrientationPortrait UIInterfaceOrientationPortraitUpsideDown UIInterfaceOrientationLandscapeLeft UIInterfaceOrientationLandscapeRight";
				INFOPLIST_KEY_UISupportedInterfaceOrientations_iPhone = "UIInterfaceOrientationPortrait UIInterfaceOrientationLandscapeLeft UIInterfaceOrientationLandscapeRight";
				INFOPLIST_KEY_UIUserInterfaceStyle = Dark;
				LD_RUNPATH_SEARCH_PATHS = (
					"$(inherited)",
					"@executable_path/Frameworks",
				);
				MARKETING_VERSION = 1.0;
				PRODUCT_BUNDLE_IDENTIFIER = com.fecurity.Africa;
				PRODUCT_NAME = "$(TARGET_NAME)";
				SUPPORTED_PLATFORMS = "iphoneos iphonesimulator macosx";
				SUPPORTS_MACCATALYST = YES;
				SWIFT_EMIT_LOC_STRINGS = YES;
				SWIFT_VERSION = 5.0;
				TARGETED_DEVICE_FAMILY = "1,2";
			};
			name = Debug;
		};
		5237B0F92B30837E00C9107E /* Release */ = {
			isa = XCBuildConfiguration;
			buildSettings = {
				ASSETCATALOG_COMPILER_APPICON_NAME = AppIcon;
				ASSETCATALOG_COMPILER_GLOBAL_ACCENT_COLOR_NAME = AccentColor;
				CODE_SIGN_ENTITLEMENTS = Africa/Africa.entitlements;
				CODE_SIGN_STYLE = Automatic;
				CURRENT_PROJECT_VERSION = 1;
				DEVELOPMENT_ASSET_PATHS = "\"Africa/Preview Content\"";
				DEVELOPMENT_TEAM = 44848NP6CQ;
				ENABLE_PREVIEWS = YES;
				GENERATE_INFOPLIST_FILE = YES;
				INFOPLIST_FILE = Africa/Info.plist;
				INFOPLIST_KEY_UIApplicationSceneManifest_Generation = YES;
				INFOPLIST_KEY_UIApplicationSupportsIndirectInputEvents = YES;
				INFOPLIST_KEY_UISupportedInterfaceOrientations_iPad = "UIInterfaceOrientationPortrait UIInterfaceOrientationPortraitUpsideDown UIInterfaceOrientationLandscapeLeft UIInterfaceOrientationLandscapeRight";
				INFOPLIST_KEY_UISupportedInterfaceOrientations_iPhone = "UIInterfaceOrientationPortrait UIInterfaceOrientationLandscapeLeft UIInterfaceOrientationLandscapeRight";
				INFOPLIST_KEY_UIUserInterfaceStyle = Dark;
				LD_RUNPATH_SEARCH_PATHS = (
					"$(inherited)",
					"@executable_path/Frameworks",
				);
				MARKETING_VERSION = 1.0;
				PRODUCT_BUNDLE_IDENTIFIER = com.fecurity.Africa;
				PRODUCT_NAME = "$(TARGET_NAME)";
				SUPPORTED_PLATFORMS = "iphoneos iphonesimulator macosx";
				SUPPORTS_MACCATALYST = YES;
				SWIFT_EMIT_LOC_STRINGS = YES;
				SWIFT_VERSION = 5.0;
				TARGETED_DEVICE_FAMILY = "1,2";
			};
			name = Release;
		};
		52933B732B34E6C900F214F0 /* Debug */ = {
			isa = XCBuildConfiguration;
			buildSettings = {
				ASSETCATALOG_COMPILER_APPICON_NAME = "iMessage App Icon";
				CODE_SIGN_STYLE = Automatic;
				CURRENT_PROJECT_VERSION = 1;
				DEVELOPMENT_TEAM = 44848NP6CQ;
				GENERATE_INFOPLIST_FILE = YES;
				INFOPLIST_FILE = Stickers/Info.plist;
				INFOPLIST_KEY_NSStickerSharingLevel = OS;
				MARKETING_VERSION = 1.0;
				PRODUCT_BUNDLE_IDENTIFIER = com.fecurity.Africa.Stickers;
				PRODUCT_NAME = "$(TARGET_NAME)";
				SKIP_INSTALL = YES;
				SUPPORTS_MACCATALYST = NO;
				SWIFT_EMIT_LOC_STRINGS = YES;
				TARGETED_DEVICE_FAMILY = "1,2";
			};
			name = Debug;
		};
		52933B742B34E6C900F214F0 /* Release */ = {
			isa = XCBuildConfiguration;
			buildSettings = {
				ASSETCATALOG_COMPILER_APPICON_NAME = "iMessage App Icon";
				CODE_SIGN_STYLE = Automatic;
				CURRENT_PROJECT_VERSION = 1;
				DEVELOPMENT_TEAM = 44848NP6CQ;
				GENERATE_INFOPLIST_FILE = YES;
				INFOPLIST_FILE = Stickers/Info.plist;
				INFOPLIST_KEY_NSStickerSharingLevel = OS;
				MARKETING_VERSION = 1.0;
				PRODUCT_BUNDLE_IDENTIFIER = com.fecurity.Africa.Stickers;
				PRODUCT_NAME = "$(TARGET_NAME)";
				SKIP_INSTALL = YES;
				SUPPORTS_MACCATALYST = NO;
				SWIFT_EMIT_LOC_STRINGS = YES;
				TARGETED_DEVICE_FAMILY = "1,2";
			};
			name = Release;
		};
/* End XCBuildConfiguration section */

/* Begin XCConfigurationList section */
		5237B0E42B30837C00C9107E /* Build configuration list for PBXProject "Africa" */ = {
			isa = XCConfigurationList;
			buildConfigurations = (
				5237B0F52B30837E00C9107E /* Debug */,
				5237B0F62B30837E00C9107E /* Release */,
			);
			defaultConfigurationIsVisible = 0;
			defaultConfigurationName = Release;
		};
		5237B0F72B30837E00C9107E /* Build configuration list for PBXNativeTarget "Africa" */ = {
			isa = XCConfigurationList;
			buildConfigurations = (
				5237B0F82B30837E00C9107E /* Debug */,
				5237B0F92B30837E00C9107E /* Release */,
			);
			defaultConfigurationIsVisible = 0;
			defaultConfigurationName = Release;
		};
		52933B722B34E6C900F214F0 /* Build configuration list for PBXNativeTarget "Stickers" */ = {
			isa = XCConfigurationList;
			buildConfigurations = (
				52933B732B34E6C900F214F0 /* Debug */,
				52933B742B34E6C900F214F0 /* Release */,
			);
			defaultConfigurationIsVisible = 0;
			defaultConfigurationName = Release;
		};
/* End XCConfigurationList section */
	};
	rootObject = 5237B0E12B30837C00C9107E /* Project object */;
}
